
Microsoft Visual Studio Solution File, Format Version 12.00
Project("{2150E333-8FDC-42A3-9474-1A3956D46DE8}") = "src", "src", "{6DEFA533-3FBA-447D-A648-A244516430A7}"
EndProject
Project("{2150E333-8FDC-42A3-9474-1A3956D46DE8}") = "test", "test", "{46C29BD2-86D4-47FC-90AE-92B8C3E62DCE}"
EndProject
Project("{FAE04EC0-301F-11D3-BF4B-00C04F79EFBC}") = "Application", "src\Application\Application.csproj", "{7135ACB2-E129-4FD5-BCB6-3CBC83B03DF2}"
EndProject
Project("{FAE04EC0-301F-11D3-BF4B-00C04F79EFBC}") = "Application.Contract", "src\Application.Contract\Application.Contract.csproj", "{F3256582-32FA-4FE2-85C9-7758C09E19DE}"
EndProject
Project("{FAE04EC0-301F-11D3-BF4B-00C04F79EFBC}") = "Domain", "src\Domain\Domain.csproj", "{5400AE7E-A06D-4FA7-B161-1238742CC2D1}"
EndProject
Project("{FAE04EC0-301F-11D3-BF4B-00C04F79EFBC}") = "Domain.Contract", "src\Domain.Contract\Domain.Contract.csproj", "{0C7891B1-C64B-4F7E-A572-F8228F0D8FBD}"
EndProject
Project("{FAE04EC0-301F-11D3-BF4B-00C04F79EFBC}") = "Infrastructure", "src\Infrastructure\Infrastructure.csproj", "{30D04D8E-3200-4212-9840-6CC9914CD1AD}"
EndProject
Project("{FAE04EC0-301F-11D3-BF4B-00C04F79EFBC}") = "Persistence", "src\Persistence\Persistence.csproj", "{7E379C97-4A2B-4B33-8340-145A241932DB}"
EndProject
Project("{FAE04EC0-301F-11D3-BF4B-00C04F79EFBC}") = "CreateDatabase", "test\CreateDatabase\CreateDatabase.csproj", "{F6B83EAC-C2B6-484B-B946-474B09FBA73E}"
EndProject
Project("{FAE04EC0-301F-11D3-BF4B-00C04F79EFBC}") = "IntegrationTests", "test\IntegrationTests\IntegrationTests.csproj", "{647F0964-7C98-4216-8B32-3BC4EB83EE6F}"
EndProject
Project("{FAE04EC0-301F-11D3-BF4B-00C04F79EFBC}") = "ArchitectureTests", "test\ArchitectureTests\ArchitectureTests.csproj", "{FB66323F-AAF6-4707-A5B9-E2F99AC66AC0}"
EndProject
Project("{FAE04EC0-301F-11D3-BF4B-00C04F79EFBC}") = "UnitTests.Application", "test\UnitTests.Application\UnitTests.Application.csproj", "{28C089FC-1106-4C05-ADD6-5241AF0770AB}"
EndProject
Project("{FAE04EC0-301F-11D3-BF4B-00C04F79EFBC}") = "UnitTests.Domain", "test\UnitTests.Domain\UnitTests.Domain.csproj", "{0A9BBB57-1B61-4775-A254-20A7A9338485}"
EndProject
Project("{2150E333-8FDC-42A3-9474-1A3956D46DE8}") = "Solution Items", "Solution Items", "{82FBA3D8-DE28-4AD8-B2FF-B84F2312ADDE}"
	ProjectSection(SolutionItems) = preProject
		.gitignore = .gitignore
		LICENSE = LICENSE
		README.md = README.md
		Directory.Packages.props = Directory.Packages.props
	EndProjectSection
EndProject
Project("{FAE04EC0-301F-11D3-BF4B-00C04F79EFBC}") = "Ui.Console", "src\Ui.Console\Ui.Console.csproj", "{3A77D059-AD5B-4BBF-842B-EF79A74916D2}"
EndProject
Global
	GlobalSection(SolutionConfigurationPlatforms) = preSolution
		Debug|Any CPU = Debug|Any CPU
		Release|Any CPU = Release|Any CPU
	EndGlobalSection
	GlobalSection(NestedProjects) = preSolution
		{7135ACB2-E129-4FD5-BCB6-3CBC83B03DF2} = {6DEFA533-3FBA-447D-A648-A244516430A7}
		{F3256582-32FA-4FE2-85C9-7758C09E19DE} = {6DEFA533-3FBA-447D-A648-A244516430A7}
		{5400AE7E-A06D-4FA7-B161-1238742CC2D1} = {6DEFA533-3FBA-447D-A648-A244516430A7}
		{0C7891B1-C64B-4F7E-A572-F8228F0D8FBD} = {6DEFA533-3FBA-447D-A648-A244516430A7}
		{30D04D8E-3200-4212-9840-6CC9914CD1AD} = {6DEFA533-3FBA-447D-A648-A244516430A7}
		{7E379C97-4A2B-4B33-8340-145A241932DB} = {6DEFA533-3FBA-447D-A648-A244516430A7}
		{F6B83EAC-C2B6-484B-B946-474B09FBA73E} = {46C29BD2-86D4-47FC-90AE-92B8C3E62DCE}
		{647F0964-7C98-4216-8B32-3BC4EB83EE6F} = {46C29BD2-86D4-47FC-90AE-92B8C3E62DCE}
		{FB66323F-AAF6-4707-A5B9-E2F99AC66AC0} = {46C29BD2-86D4-47FC-90AE-92B8C3E62DCE}
		{28C089FC-1106-4C05-ADD6-5241AF0770AB} = {46C29BD2-86D4-47FC-90AE-92B8C3E62DCE}
		{0A9BBB57-1B61-4775-A254-20A7A9338485} = {46C29BD2-86D4-47FC-90AE-92B8C3E62DCE}
		{3A77D059-AD5B-4BBF-842B-EF79A74916D2} = {6DEFA533-3FBA-447D-A648-A244516430A7}
	EndGlobalSection
	GlobalSection(ProjectConfigurationPlatforms) = postSolution
		{7135ACB2-E129-4FD5-BCB6-3CBC83B03DF2}.Debug|Any CPU.ActiveCfg = Debug|Any CPU
		{7135ACB2-E129-4FD5-BCB6-3CBC83B03DF2}.Debug|Any CPU.Build.0 = Debug|Any CPU
		{7135ACB2-E129-4FD5-BCB6-3CBC83B03DF2}.Release|Any CPU.ActiveCfg = Release|Any CPU
		{7135ACB2-E129-4FD5-BCB6-3CBC83B03DF2}.Release|Any CPU.Build.0 = Release|Any CPU
		{F3256582-32FA-4FE2-85C9-7758C09E19DE}.Debug|Any CPU.ActiveCfg = Debug|Any CPU
		{F3256582-32FA-4FE2-85C9-7758C09E19DE}.Debug|Any CPU.Build.0 = Debug|Any CPU
		{F3256582-32FA-4FE2-85C9-7758C09E19DE}.Release|Any CPU.ActiveCfg = Release|Any CPU
		{F3256582-32FA-4FE2-85C9-7758C09E19DE}.Release|Any CPU.Build.0 = Release|Any CPU
		{5400AE7E-A06D-4FA7-B161-1238742CC2D1}.Debug|Any CPU.ActiveCfg = Debug|Any CPU
		{5400AE7E-A06D-4FA7-B161-1238742CC2D1}.Debug|Any CPU.Build.0 = Debug|Any CPU
		{5400AE7E-A06D-4FA7-B161-1238742CC2D1}.Release|Any CPU.ActiveCfg = Release|Any CPU
		{5400AE7E-A06D-4FA7-B161-1238742CC2D1}.Release|Any CPU.Build.0 = Release|Any CPU
		{0C7891B1-C64B-4F7E-A572-F8228F0D8FBD}.Debug|Any CPU.ActiveCfg = Debug|Any CPU
		{0C7891B1-C64B-4F7E-A572-F8228F0D8FBD}.Debug|Any CPU.Build.0 = Debug|Any CPU
		{0C7891B1-C64B-4F7E-A572-F8228F0D8FBD}.Release|Any CPU.ActiveCfg = Release|Any CPU
		{0C7891B1-C64B-4F7E-A572-F8228F0D8FBD}.Release|Any CPU.Build.0 = Release|Any CPU
		{30D04D8E-3200-4212-9840-6CC9914CD1AD}.Debug|Any CPU.ActiveCfg = Debug|Any CPU
		{30D04D8E-3200-4212-9840-6CC9914CD1AD}.Debug|Any CPU.Build.0 = Debug|Any CPU
		{30D04D8E-3200-4212-9840-6CC9914CD1AD}.Release|Any CPU.ActiveCfg = Release|Any CPU
		{30D04D8E-3200-4212-9840-6CC9914CD1AD}.Release|Any CPU.Build.0 = Release|Any CPU
		{7E379C97-4A2B-4B33-8340-145A241932DB}.Debug|Any CPU.ActiveCfg = Debug|Any CPU
		{7E379C97-4A2B-4B33-8340-145A241932DB}.Debug|Any CPU.Build.0 = Debug|Any CPU
		{7E379C97-4A2B-4B33-8340-145A241932DB}.Release|Any CPU.ActiveCfg = Release|Any CPU
		{7E379C97-4A2B-4B33-8340-145A241932DB}.Release|Any CPU.Build.0 = Release|Any CPU
		{F6B83EAC-C2B6-484B-B946-474B09FBA73E}.Debug|Any CPU.ActiveCfg = Debug|Any CPU
		{F6B83EAC-C2B6-484B-B946-474B09FBA73E}.Debug|Any CPU.Build.0 = Debug|Any CPU
		{F6B83EAC-C2B6-484B-B946-474B09FBA73E}.Release|Any CPU.ActiveCfg = Release|Any CPU
		{F6B83EAC-C2B6-484B-B946-474B09FBA73E}.Release|Any CPU.Build.0 = Release|Any CPU
		{647F0964-7C98-4216-8B32-3BC4EB83EE6F}.Debug|Any CPU.ActiveCfg = Debug|Any CPU
		{647F0964-7C98-4216-8B32-3BC4EB83EE6F}.Debug|Any CPU.Build.0 = Debug|Any CPU
		{647F0964-7C98-4216-8B32-3BC4EB83EE6F}.Release|Any CPU.ActiveCfg = Release|Any CPU
		{647F0964-7C98-4216-8B32-3BC4EB83EE6F}.Release|Any CPU.Build.0 = Release|Any CPU
		{FB66323F-AAF6-4707-A5B9-E2F99AC66AC0}.Debug|Any CPU.ActiveCfg = Debug|Any CPU
		{FB66323F-AAF6-4707-A5B9-E2F99AC66AC0}.Debug|Any CPU.Build.0 = Debug|Any CPU
		{FB66323F-AAF6-4707-A5B9-E2F99AC66AC0}.Release|Any CPU.ActiveCfg = Release|Any CPU
		{FB66323F-AAF6-4707-A5B9-E2F99AC66AC0}.Release|Any CPU.Build.0 = Release|Any CPU
		{28C089FC-1106-4C05-ADD6-5241AF0770AB}.Debug|Any CPU.ActiveCfg = Debug|Any CPU
		{28C089FC-1106-4C05-ADD6-5241AF0770AB}.Debug|Any CPU.Build.0 = Debug|Any CPU
		{28C089FC-1106-4C05-ADD6-5241AF0770AB}.Release|Any CPU.ActiveCfg = Release|Any CPU
		{28C089FC-1106-4C05-ADD6-5241AF0770AB}.Release|Any CPU.Build.0 = Release|Any CPU
		{0A9BBB57-1B61-4775-A254-20A7A9338485}.Debug|Any CPU.ActiveCfg = Debug|Any CPU
		{0A9BBB57-1B61-4775-A254-20A7A9338485}.Debug|Any CPU.Build.0 = Debug|Any CPU
		{0A9BBB57-1B61-4775-A254-20A7A9338485}.Release|Any CPU.ActiveCfg = Release|Any CPU
		{0A9BBB57-1B61-4775-A254-20A7A9338485}.Release|Any CPU.Build.0 = Release|Any CPU
		{3A77D059-AD5B-4BBF-842B-EF79A74916D2}.Debug|Any CPU.ActiveCfg = Debug|Any CPU
		{3A77D059-AD5B-4BBF-842B-EF79A74916D2}.Debug|Any CPU.Build.0 = Debug|Any CPU
		{3A77D059-AD5B-4BBF-842B-EF79A74916D2}.Release|Any CPU.ActiveCfg = Release|Any CPU
		{3A77D059-AD5B-4BBF-842B-EF79A74916D2}.Release|Any CPU.Build.0 = Release|Any CPU
	EndGlobalSection
EndGlobal
